
Microsoft Visual Studio Solution File, Format Version 11.00
# Visual Studio 2010
Project("{FAE04EC0-301F-11D3-BF4B-00C04F79EFBC}") = "SubmittalProposal", "SubmittalProposal\SubmittalProposal.csproj", "{74B461DE-BA40-4513-9BFA-D18127108FB2}"
EndProject
Project("{FAE04EC0-301F-11D3-BF4B-00C04F79EFBC}") = "Common", "Common\Common.csproj", "{F42E57F0-2327-4E3D-B9F6-2403B6C6CC9D}"
EndProject
Global
	GlobalSection(SolutionConfigurationPlatforms) = preSolution
		Debug|Any CPU = Debug|Any CPU
		Release|Any CPU = Release|Any CPU
	EndGlobalSection
	GlobalSection(ProjectConfigurationPlatforms) = postSolution
		{74B461DE-BA40-4513-9BFA-D18127108FB2}.Debug|Any CPU.ActiveCfg = Debug|Any CPU
		{74B461DE-BA40-4513-9BFA-D18127108FB2}.Debug|Any CPU.Build.0 = Debug|Any CPU
		{74B461DE-BA40-4513-9BFA-D18127108FB2}.Release|Any CPU.ActiveCfg = Release|Any CPU
		{74B461DE-BA40-4513-9BFA-D18127108FB2}.Release|Any CPU.Build.0 = Release|Any CPU
		{F42E57F0-2327-4E3D-B9F6-2403B6C6CC9D}.Debug|Any CPU.ActiveCfg = Debug|Any CPU
		{F42E57F0-2327-4E3D-B9F6-2403B6C6CC9D}.Debug|Any CPU.Build.0 = Debug|Any CPU
		{F42E57F0-2327-4E3D-B9F6-2403B6C6CC9D}.Release|Any CPU.ActiveCfg = Release|Any CPU
		{F42E57F0-2327-4E3D-B9F6-2403B6C6CC9D}.Release|Any CPU.Build.0 = Release|Any CPU
	EndGlobalSection
	GlobalSection(SolutionProperties) = preSolution
		HideSolutionNode = FALSE
	EndGlobalSection
EndGlobal
